
Microsoft Visual Studio Solution File, Format Version 12.00
# Visual Studio Version 17
VisualStudioVersion = 17.8.34309.116
MinimumVisualStudioVersion = 10.0.40219.1
Project("{FAE04EC0-301F-11D3-BF4B-00C04F79EFBC}") = "WinFormsApp3", "WinFormsApp3\WinFormsApp3.csproj", "{BFFEA364-2B5F-48B4-9398-01D95F0047B3}"
EndProject
Global
	GlobalSection(SolutionConfigurationPlatforms) = preSolution
		Debug|Any CPU = Debug|Any CPU
		Release|Any CPU = Release|Any CPU
	EndGlobalSection
	GlobalSection(ProjectConfigurationPlatforms) = postSolution
		{BFFEA364-2B5F-48B4-9398-01D95F0047B3}.Debug|Any CPU.ActiveCfg = Debug|Any CPU
		{BFFEA364-2B5F-48B4-9398-01D95F0047B3}.Debug|Any CPU.Build.0 = Debug|Any CPU
		{BFFEA364-2B5F-48B4-9398-01D95F0047B3}.Release|Any CPU.ActiveCfg = Release|Any CPU
		{BFFEA364-2B5F-48B4-9398-01D95F0047B3}.Release|Any CPU.Build.0 = Release|Any CPU
	EndGlobalSection
	GlobalSection(SolutionProperties) = preSolution
		HideSolutionNode = FALSE
	EndGlobalSection
	GlobalSection(ExtensibilityGlobals) = postSolution
		SolutionGuid = {F67ACCE1-4DD6-447C-A6BB-F1F5AF461FCC}
	EndGlobalSection
EndGlobal
